// !$*UTF8*$!
{
	archiveVersion = 1;
	classes = {
	};
	objectVersion = 46;
	objects = {

/* Begin PBXBuildFile section */
		791A85661D9E509F002B676C /* main.m in Sources */ = {isa = PBXBuildFile; fileRef = 791A85651D9E509F002B676C /* main.m */; };
		791A85691D9E509F002B676C /* AppDelegate.m in Sources */ = {isa = PBXBuildFile; fileRef = 791A85681D9E509F002B676C /* AppDelegate.m */; };
		791A856C1D9E509F002B676C /* ViewController.m in Sources */ = {isa = PBXBuildFile; fileRef = 791A856B1D9E509F002B676C /* ViewController.m */; };
		791A856F1D9E509F002B676C /* Main.storyboard in Resources */ = {isa = PBXBuildFile; fileRef = 791A856D1D9E509F002B676C /* Main.storyboard */; };
		791A85711D9E509F002B676C /* Assets.xcassets in Resources */ = {isa = PBXBuildFile; fileRef = 791A85701D9E509F002B676C /* Assets.xcassets */; };
		791A85741D9E509F002B676C /* LaunchScreen.storyboard in Resources */ = {isa = PBXBuildFile; fileRef = 791A85721D9E509F002B676C /* LaunchScreen.storyboard */; };
		791A857D1D9E51CD002B676C /* YLExpandCell.m in Sources */ = {isa = PBXBuildFile; fileRef = 791A857C1D9E51CD002B676C /* YLExpandCell.m */; };
		791A85801D9E5400002B676C /* YLExpandModel.m in Sources */ = {isa = PBXBuildFile; fileRef = 791A857F1D9E5400002B676C /* YLExpandModel.m */; };
		8F57AE3EE1123D7923904D69 /* libPods-YLExpandCell.a in Frameworks */ = {isa = PBXBuildFile; fileRef = 7FE860098F4027DA6FEA7EBF /* libPods-YLExpandCell.a */; };
/* End PBXBuildFile section */

/* Begin PBXFileReference section */
		791A85611D9E509F002B676C /* YLExpandCell.app */ = {isa = PBXFileReference; explicitFileType = wrapper.application; includeInIndex = 0; path = YLExpandCell.app; sourceTree = BUILT_PRODUCTS_DIR; };
		791A85651D9E509F002B676C /* main.m */ = {isa = PBXFileReference; lastKnownFileType = sourcecode.c.objc; path = main.m; sourceTree = "<group>"; };
		791A85671D9E509F002B676C /* AppDelegate.h */ = {isa = PBXFileReference; lastKnownFileType = sourcecode.c.h; path = AppDelegate.h; sourceTree = "<group>"; };
		791A85681D9E509F002B676C /* AppDelegate.m */ = {isa = PBXFileReference; lastKnownFileType = sourcecode.c.objc; path = AppDelegate.m; sourceTree = "<group>"; };
		791A856A1D9E509F002B676C /* ViewController.h */ = {isa = PBXFileReference; lastKnownFileType = sourcecode.c.h; path = ViewController.h; sourceTree = "<group>"; };
		791A856B1D9E509F002B676C /* ViewController.m */ = {isa = PBXFileReference; lastKnownFileType = sourcecode.c.objc; path = ViewController.m; sourceTree = "<group>"; };
		791A856E1D9E509F002B676C /* Base */ = {isa = PBXFileReference; lastKnownFileType = file.storyboard; name = Base; path = Base.lproj/Main.storyboard; sourceTree = "<group>"; };
		791A85701D9E509F002B676C /* Assets.xcassets */ = {isa = PBXFileReference; lastKnownFileType = folder.assetcatalog; path = Assets.xcassets; sourceTree = "<group>"; };
		791A85731D9E509F002B676C /* Base */ = {isa = PBXFileReference; lastKnownFileType = file.storyboard; name = Base; path = Base.lproj/LaunchScreen.storyboard; sourceTree = "<group>"; };
		791A85751D9E509F002B676C /* Info.plist */ = {isa = PBXFileReference; lastKnownFileType = text.plist.xml; path = Info.plist; sourceTree = "<group>"; };
		791A857B1D9E51CD002B676C /* YLExpandCell.h */ = {isa = PBXFileReference; fileEncoding = 4; lastKnownFileType = sourcecode.c.h; path = YLExpandCell.h; sourceTree = "<group>"; };
		791A857C1D9E51CD002B676C /* YLExpandCell.m */ = {isa = PBXFileReference; fileEncoding = 4; lastKnownFileType = sourcecode.c.objc; path = YLExpandCell.m; sourceTree = "<group>"; };
		791A857E1D9E5400002B676C /* YLExpandModel.h */ = {isa = PBXFileReference; fileEncoding = 4; lastKnownFileType = sourcecode.c.h; path = YLExpandModel.h; sourceTree = "<group>"; };
		791A857F1D9E5400002B676C /* YLExpandModel.m */ = {isa = PBXFileReference; fileEncoding = 4; lastKnownFileType = sourcecode.c.objc; path = YLExpandModel.m; sourceTree = "<group>"; };
		7FE860098F4027DA6FEA7EBF /* libPods-YLExpandCell.a */ = {isa = PBXFileReference; explicitFileType = archive.ar; includeInIndex = 0; path = "libPods-YLExpandCell.a"; sourceTree = BUILT_PRODUCTS_DIR; };
		8DAFA591AFBD4F210FAAF94B /* Pods-YLExpandCell.release.xcconfig */ = {isa = PBXFileReference; includeInIndex = 1; lastKnownFileType = text.xcconfig; name = "Pods-YLExpandCell.release.xcconfig"; path = "Pods/Target Support Files/Pods-YLExpandCell/Pods-YLExpandCell.release.xcconfig"; sourceTree = "<group>"; };
		D6498B9FCE2BD2BD37A7CD6E /* Pods-YLExpandCell.debug.xcconfig */ = {isa = PBXFileReference; includeInIndex = 1; lastKnownFileType = text.xcconfig; name = "Pods-YLExpandCell.debug.xcconfig"; path = "Pods/Target Support Files/Pods-YLExpandCell/Pods-YLExpandCell.debug.xcconfig"; sourceTree = "<group>"; };
/* End PBXFileReference section */

/* Begin PBXFrameworksBuildPhase section */
		791A855E1D9E509F002B676C /* Frameworks */ = {
			isa = PBXFrameworksBuildPhase;
			buildActionMask = 2147483647;
			files = (
				8F57AE3EE1123D7923904D69 /* libPods-YLExpandCell.a in Frameworks */,
			);
			runOnlyForDeploymentPostprocessing = 0;
		};
/* End PBXFrameworksBuildPhase section */

/* Begin PBXGroup section */
		4F1774EFD7D2540C029FBC98 /* Frameworks */ = {
			isa = PBXGroup;
			children = (
				7FE860098F4027DA6FEA7EBF /* libPods-YLExpandCell.a */,
			);
			name = Frameworks;
			sourceTree = "<group>";
		};
		791A85581D9E509F002B676C = {
			isa = PBXGroup;
			children = (
				791A85631D9E509F002B676C /* YLExpandCell */,
				791A85621D9E509F002B676C /* Products */,
				E383B3584D56282873AF007F /* Pods */,
				4F1774EFD7D2540C029FBC98 /* Frameworks */,
			);
			sourceTree = "<group>";
		};
		791A85621D9E509F002B676C /* Products */ = {
			isa = PBXGroup;
			children = (
				791A85611D9E509F002B676C /* YLExpandCell.app */,
			);
			name = Products;
			sourceTree = "<group>";
		};
		791A85631D9E509F002B676C /* YLExpandCell */ = {
			isa = PBXGroup;
			children = (
				791A85671D9E509F002B676C /* AppDelegate.h */,
				791A85681D9E509F002B676C /* AppDelegate.m */,
				791A856A1D9E509F002B676C /* ViewController.h */,
				791A856B1D9E509F002B676C /* ViewController.m */,
				791A857B1D9E51CD002B676C /* YLExpandCell.h */,
				791A857C1D9E51CD002B676C /* YLExpandCell.m */,
				791A857E1D9E5400002B676C /* YLExpandModel.h */,
				791A857F1D9E5400002B676C /* YLExpandModel.m */,
				791A856D1D9E509F002B676C /* Main.storyboard */,
				791A85701D9E509F002B676C /* Assets.xcassets */,
				791A85721D9E509F002B676C /* LaunchScreen.storyboard */,
				791A85751D9E509F002B676C /* Info.plist */,
				791A85641D9E509F002B676C /* Supporting Files */,
			);
			path = YLExpandCell;
			sourceTree = "<group>";
		};
		791A85641D9E509F002B676C /* Supporting Files */ = {
			isa = PBXGroup;
			children = (
				791A85651D9E509F002B676C /* main.m */,
			);
			name = "Supporting Files";
			sourceTree = "<group>";
		};
		E383B3584D56282873AF007F /* Pods */ = {
			isa = PBXGroup;
			children = (
				D6498B9FCE2BD2BD37A7CD6E /* Pods-YLExpandCell.debug.xcconfig */,
				8DAFA591AFBD4F210FAAF94B /* Pods-YLExpandCell.release.xcconfig */,
			);
			name = Pods;
			sourceTree = "<group>";
		};
/* End PBXGroup section */

/* Begin PBXNativeTarget section */
		791A85601D9E509F002B676C /* YLExpandCell */ = {
			isa = PBXNativeTarget;
			buildConfigurationList = 791A85781D9E509F002B676C /* Build configuration list for PBXNativeTarget "YLExpandCell" */;
			buildPhases = (
				2016C8683F58C8E88266F51F /* [CP] Check Pods Manifest.lock */,
				791A855D1D9E509F002B676C /* Sources */,
				791A855E1D9E509F002B676C /* Frameworks */,
				791A855F1D9E509F002B676C /* Resources */,
				05290A81606D0325FE5281BD /* [CP] Embed Pods Frameworks */,
				F96A227EE01D537CE6E091E3 /* [CP] Copy Pods Resources */,
			);
			buildRules = (
			);
			dependencies = (
			);
			name = YLExpandCell;
			productName = YLExpandCell;
			productReference = 791A85611D9E509F002B676C /* YLExpandCell.app */;
			productType = "com.apple.product-type.application";
		};
/* End PBXNativeTarget section */

/* Begin PBXProject section */
		791A85591D9E509F002B676C /* Project object */ = {
			isa = PBXProject;
			attributes = {
				LastUpgradeCheck = 0730;
				ORGANIZATIONNAME = YL;
				TargetAttributes = {
					791A85601D9E509F002B676C = {
						CreatedOnToolsVersion = 7.3.1;
					};
				};
			};
			buildConfigurationList = 791A855C1D9E509F002B676C /* Build configuration list for PBXProject "YLExpandCell" */;
			compatibilityVersion = "Xcode 3.2";
			developmentRegion = English;
			hasScannedForEncodings = 0;
			knownRegions = (
				en,
				Base,
			);
			mainGroup = 791A85581D9E509F002B676C;
			productRefGroup = 791A85621D9E509F002B676C /* Products */;
			projectDirPath = "";
			projectRoot = "";
			targets = (
				791A85601D9E509F002B676C /* YLExpandCell */,
			);
		};
/* End PBXProject section */

/* Begin PBXResourcesBuildPhase section */
		791A855F1D9E509F002B676C /* Resources */ = {
			isa = PBXResourcesBuildPhase;
			buildActionMask = 2147483647;
			files = (
				791A85741D9E509F002B676C /* LaunchScreen.storyboard in Resources */,
				791A85711D9E509F002B676C /* Assets.xcassets in Resources */,
				791A856F1D9E509F002B676C /* Main.storyboard in Resources */,
			);
			runOnlyForDeploymentPostprocessing = 0;
		};
/* End PBXResourcesBuildPhase section */

/* Begin PBXShellScriptBuildPhase section */
		05290A81606D0325FE5281BD /* [CP] Embed Pods Frameworks */ = {
			isa = PBXShellScriptBuildPhase;
			buildActionMask = 2147483647;
			files = (
			);
			inputPaths = (
			);
			name = "[CP] Embed Pods Frameworks";
			outputPaths = (
			);
			runOnlyForDeploymentPostprocessing = 0;
			shellPath = /bin/sh;
			shellScript = "\"${SRCROOT}/Pods/Target Support Files/Pods-YLExpandCell/Pods-YLExpandCell-frameworks.sh\"\n";
			showEnvVarsInLog = 0;
		};
		2016C8683F58C8E88266F51F /* [CP] Check Pods Manifest.lock */ = {
			isa = PBXShellScriptBuildPhase;
			buildActionMask = 2147483647;
			files = (
			);
			inputPaths = (
			);
			name = "[CP] Check Pods Manifest.lock";
			outputPaths = (
			);
			runOnlyForDeploymentPostprocessing = 0;
			shellPath = /bin/sh;
			shellScript = "diff \"${PODS_ROOT}/../Podfile.lock\" \"${PODS_ROOT}/Manifest.lock\" > /dev/null\nif [[ $? != 0 ]] ; then\n    cat << EOM\nerror: The sandbox is not in sync with the Podfile.lock. Run 'pod install' or update your CocoaPods installation.\nEOM\n    exit 1\nfi\n";
			showEnvVarsInLog = 0;
		};
		F96A227EE01D537CE6E091E3 /* [CP] Copy Pods Resources */ = {
			isa = PBXShellScriptBuildPhase;
			buildActionMask = 2147483647;
			files = (
			);
			inputPaths = (
			);
			name = "[CP] Copy Pods Resources";
			outputPaths = (
			);
			runOnlyForDeploymentPostprocessing = 0;
			shellPath = /bin/sh;
			shellScript = "\"${SRCROOT}/Pods/Target Support Files/Pods-YLExpandCell/Pods-YLExpandCell-resources.sh\"\n";
			showEnvVarsInLog = 0;
		};
/* End PBXShellScriptBuildPhase section */

/* Begin PBXSourcesBuildPhase section */
		791A855D1D9E509F002B676C /* Sources */ = {
			isa = PBXSourcesBuildPhase;
			buildActionMask = 2147483647;
			files = (
				791A856C1D9E509F002B676C /* ViewController.m in Sources */,
				791A85801D9E5400002B676C /* YLExpandModel.m in Sources */,
				791A85691D9E509F002B676C /* AppDelegate.m in Sources */,
				791A857D1D9E51CD002B676C /* YLExpandCell.m in Sources */,
				791A85661D9E509F002B676C /* main.m in Sources */,
			);
			runOnlyForDeploymentPostprocessing = 0;
		};
/* End PBXSourcesBuildPhase section */

/* Begin PBXVariantGroup section */
		791A856D1D9E509F002B676C /* Main.storyboard */ = {
			isa = PBXVariantGroup;
			children = (
				791A856E1D9E509F002B676C /* Base */,
			);
			name = Main.storyboard;
			sourceTree = "<group>";
		};
		791A85721D9E509F002B676C /* LaunchScreen.storyboard */ = {
			isa = PBXVariantGroup;
			children = (
				791A85731D9E509F002B676C /* Base */,
			);
			name = LaunchScreen.storyboard;
			sourceTree = "<group>";
		};
/* End PBXVariantGroup section */

/* Begin XCBuildConfiguration section */
		791A85761D9E509F002B676C /* Debug */ = {
			isa = XCBuildConfiguration;
			buildSettings = {
				ALWAYS_SEARCH_USER_PATHS = NO;
				CLANG_ANALYZER_NONNULL = YES;
				CLANG_CXX_LANGUAGE_STANDARD = "gnu++0x";
				CLANG_CXX_LIBRARY = "libc++";
				CLANG_ENABLE_MODULES = YES;
				CLANG_ENABLE_OBJC_ARC = YES;
				CLANG_WARN_BOOL_CONVERSION = YES;
				CLANG_WARN_CONSTANT_CONVERSION = YES;
				CLANG_WARN_DIRECT_OBJC_ISA_USAGE = YES_ERROR;
				CLANG_WARN_EMPTY_BODY = YES;
				CLANG_WARN_ENUM_CONVERSION = YES;
				CLANG_WARN_INT_CONVERSION = YES;
				CLANG_WARN_OBJC_ROOT_CLASS = YES_ERROR;
				CLANG_WARN_UNREACHABLE_CODE = YES;
				CLANG_WARN__DUPLICATE_METHOD_MATCH = YES;
				"CODE_SIGN_IDENTITY[sdk=iphoneos*]" = "iPhone Developer";
				COPY_PHASE_STRIP = NO;
				DEBUG_INFORMATION_FORMAT = dwarf;
				ENABLE_STRICT_OBJC_MSGSEND = YES;
				ENABLE_TESTABILITY = YES;
				GCC_C_LANGUAGE_STANDARD = gnu99;
				GCC_DYNAMIC_NO_PIC = NO;
				GCC_NO_COMMON_BLOCKS = YES;
				GCC_OPTIMIZATION_LEVEL = 0;
				GCC_PREPROCESSOR_DEFINITIONS = (
					"DEBUG=1",
					"$(inherited)",
				);
				GCC_WARN_64_TO_32_BIT_CONVERSION = YES;
				GCC_WARN_ABOUT_RETURN_TYPE = YES_ERROR;
				GCC_WARN_UNDECLARED_SELECTOR = YES;
				GCC_WARN_UNINITIALIZED_AUTOS = YES_AGGRESSIVE;
				GCC_WARN_UNUSED_FUNCTION = YES;
				GCC_WARN_UNUSED_VARIABLE = YES;
				IPHONEOS_DEPLOYMENT_TARGET = 9.3;
				MTL_ENABLE_DEBUG_INFO = YES;
				ONLY_ACTIVE_ARCH = YES;
				SDKROOT = iphoneos;
				TARGETED_DEVICE_FAMILY = "1,2";
			};
			name = Debug;
		};
		791A85771D9E509F002B676C /* Release */ = {
			isa = XCBuildConfiguration;
			buildSettings = {
				ALWAYS_SEARCH_USER_PATHS = NO;
				CLANG_ANALYZER_NONNULL = YES;
				CLANG_CXX_LANGUAGE_STANDARD = "gnu++0x";
				CLANG_CXX_LIBRARY = "libc++";
				CLANG_ENABLE_MODULES = YES;
				CLANG_ENABLE_OBJC_ARC = YES;
				CLANG_WARN_BOOL_CONVERSION = YES;
				CLANG_WARN_CONSTANT_CONVERSION = YES;
				CLANG_WARN_DIRECT_OBJC_ISA_USAGE = YES_ERROR;
				CLANG_WARN_EMPTY_BODY = YES;
				CLANG_WARN_ENUM_CONVERSION = YES;
				CLANG_WARN_INT_CONVERSION = YES;
				CLANG_WARN_OBJC_ROOT_CLASS = YES_ERROR;
				CLANG_WARN_UNREACHABLE_CODE = YES;
				CLANG_WARN__DUPLICATE_METHOD_MATCH = YES;
				"CODE_SIGN_IDENTITY[sdk=iphoneos*]" = "iPhone Developer";
				COPY_PHASE_STRIP = NO;
				DEBUG_INFORMATION_FORMAT = "dwarf-with-dsym";
				ENABLE_NS_ASSERTIONS = NO;
				ENABLE_STRICT_OBJC_MSGSEND = YES;
				GCC_C_LANGUAGE_STANDARD = gnu99;
				GCC_NO_COMMON_BLOCKS = YES;
				GCC_WARN_64_TO_32_BIT_CONVERSION = YES;
				GCC_WARN_ABOUT_RETURN_TYPE = YES_ERROR;
				GCC_WARN_UNDECLARED_SELECTOR = YES;
				GCC_WARN_UNINITIALIZED_AUTOS = YES_AGGRESSIVE;
				GCC_WARN_UNUSED_FUNCTION = YES;
				GCC_WARN_UNUSED_VARIABLE = YES;
				IPHONEOS_DEPLOYMENT_TARGET = 9.3;
				MTL_ENABLE_DEBUG_INFO = NO;
				SDKROOT = iphoneos;
				TARGETED_DEVICE_FAMILY = "1,2";
				VALIDATE_PRODUCT = YES;
			};
			name = Release;
		};
		791A85791D9E509F002B676C /* Debug */ = {
			isa = XCBuildConfiguration;
			baseConfigurationReference = D6498B9FCE2BD2BD37A7CD6E /* Pods-YLExpandCell.debug.xcconfig */;
			buildSettings = {
				ASSETCATALOG_COMPILER_APPICON_NAME = AppIcon;
				INFOPLIST_FILE = YLExpandCell/Info.plist;
				LD_RUNPATH_SEARCH_PATHS = "$(inherited) @executable_path/Frameworks";
				PRODUCT_BUNDLE_IDENTIFIER = com.test.YLExpandCell;
				PRODUCT_NAME = "$(TARGET_NAME)";
			};
			name = Debug;
		};
		791A857A1D9E509F002B676C /* Release */ = {
			isa = XCBuildConfiguration;
			baseConfigurationReference = 8DAFA591AFBD4F210FAAF94B /* Pods-YLExpandCell.release.xcconfig */;
			buildSettings = {
				ASSETCATALOG_COMPILER_APPICON_NAME = AppIcon;
				INFOPLIST_FILE = YLExpandCell/Info.plist;
				LD_RUNPATH_SEARCH_PATHS = "$(inherited) @executable_path/Frameworks";
				PRODUCT_BUNDLE_IDENTIFIER = com.test.YLExpandCell;
				PRODUCT_NAME = "$(TARGET_NAME)";
			};
			name = Release;
		};
/* End XCBuildConfiguration section */

/* Begin XCConfigurationList section */
		791A855C1D9E509F002B676C /* Build configuration list for PBXProject "YLExpandCell" */ = {
			isa = XCConfigurationList;
			buildConfigurations = (
				791A85761D9E509F002B676C /* Debug */,
				791A85771D9E509F002B676C /* Release */,
			);
			defaultConfigurationIsVisible = 0;
			defaultConfigurationName = Release;
		};
		791A85781D9E509F002B676C /* Build configuration list for PBXNativeTarget "YLExpandCell" */ = {
			isa = XCConfigurationList;
			buildConfigurations = (
				791A85791D9E509F002B676C /* Debug */,
				791A857A1D9E509F002B676C /* Release */,
			);
			defaultConfigurationIsVisible = 0;
			defaultConfigurationName = Release;
		};
/* End XCConfigurationList section */
	};
	rootObject = 791A85591D9E509F002B676C /* Project object */;
}
